<?xml version="1.0" encoding="utf-8"?>
<Project ToolsVersion="4.0" xmlns="http://schemas.microsoft.com/developer/msbuild/2003">
  <ItemGroup>
    <Filter Include="Source Files">
      <UniqueIdentifier>{4FC737F1-C7A5-4376-A066-2A32D752A2FF}</UniqueIdentifier>
      <Extensions>cpp;c;cc;cxx;def;odl;idl;hpj;bat;asm;asmx</Extensions>
    </Filter>
    <Filter Include="Resource Files">
      <UniqueIdentifier>{67DA6AB6-F800-4c08-8B7A-83BB121AAD01}</UniqueIdentifier>
      <Extensions>rc;ico;cur;bmp;dlg;rc2;rct;bin;rgs;gif;jpg;jpeg;jpe;resx;tiff;tif;png;wav;mfcribbon-ms</Extensions>
    </Filter>
    <Filter Include="Source Files\Utils">
      <UniqueIdentifier>{1737b723-3124-4a1e-8a2a-aa361ada6223}</UniqueIdentifier>
    </Filter>
    <Filter Include="Source Files\Typing">
      <UniqueIdentifier>{e70a339a-0b86-4c6c-abb5-93f86e19c19a}</UniqueIdentifier>
    </Filter>
    <Filter Include="Source Files\General">
      <UniqueIdentifier>{b3134ce0-35b3-47e2-96e2-b7fe9b062c23}</UniqueIdentifier>
    </Filter>
  </ItemGroup>
  <ItemGroup>
    <ClInclude Include="Type.h">
      <Filter>Source Files\Typing</Filter>
    </ClInclude>
    <ClInclude Include="Attribute.h">
      <Filter>Source Files\Typing</Filter>
    </ClInclude>
    <ClInclude Include="HashString.h">
      <Filter>Source Files\Utils</Filter>
    </ClInclude>
    <ClInclude Include="QSParser.h">
      <Filter>Source Files\General</Filter>
    </ClInclude>
    <ClInclude Include="QuickScript.h">
      <Filter>Source Files\General</Filter>
    </ClInclude>
  </ItemGroup>
  <ItemGroup>
    <ClCompile Include="pch.cpp">
      <Filter>Source Files</Filter>
    </ClCompile>
    <ClCompile Include="Type.cpp">
      <Filter>Source Files\Typing</Filter>
    </ClCompile>
    <ClCompile Include="Attribute.cpp">
      <Filter>Source Files\Typing</Filter>
    </ClCompile>
    <ClCompile Include="QuickScriptMainSource.cpp">
      <Filter>Source Files</Filter>
    </ClCompile>
    <ClCompile Include="HashString.cpp">
      <Filter>Source Files\Utils</Filter>
    </ClCompile>
    <ClCompile Include="QSParser.cpp">
      <Filter>Source Files\General</Filter>
    </ClCompile>
    <ClCompile Include="QuickScript.cpp">
      <Filter>Source Files\General</Filter>
    </ClCompile>
  </ItemGroup>
</Project>